
Microsoft Visual Studio Solution File, Format Version 12.00
# Visual Studio Version 16
VisualStudioVersion = 16.0.29230.47
MinimumVisualStudioVersion = 10.0.40219.1
Project("{D2ABAB84-BF74-430A-B69E-9DC6D40DDA17}") = "cube_demo_adventure_work2014", "cube_demo_adventure_work2014.dwproj", "{F54155B0-42DF-45F3-96F6-8012401C9A83}"
EndProject
Global
	GlobalSection(SolutionConfigurationPlatforms) = preSolution
		Development|Default = Development|Default
	EndGlobalSection
	GlobalSection(ProjectConfigurationPlatforms) = postSolution
		{F54155B0-42DF-45F3-96F6-8012401C9A83}.Development|Default.ActiveCfg = Development
		{F54155B0-42DF-45F3-96F6-8012401C9A83}.Development|Default.Build.0 = Development
		{F54155B0-42DF-45F3-96F6-8012401C9A83}.Development|Default.Deploy.0 = Development
	EndGlobalSection
	GlobalSection(SolutionProperties) = preSolution
		HideSolutionNode = FALSE
	EndGlobalSection
	GlobalSection(ExtensibilityGlobals) = postSolution
		SolutionGuid = {4D31F70F-8697-4B7C-A43E-BB2E577A4A7C}
	EndGlobalSection
EndGlobal
